
Microsoft Visual Studio Solution File, Format Version 12.00
# Visual Studio Version 16
VisualStudioVersion = 16.0.31624.102
MinimumVisualStudioVersion = 10.0.40219.1
Project("{FAE04EC0-301F-11D3-BF4B-00C04F79EFBC}") = "laba13", "classwork12\laba13.csproj", "{8C705104-3D7E-4814-9C96-192641E7B57B}"
EndProject
Project("{FAE04EC0-301F-11D3-BF4B-00C04F79EFBC}") = "laba12", "laba13\laba12.csproj", "{4CF41284-9A6B-4BD2-8E13-931F67A116F0}"
EndProject
Project("{FAE04EC0-301F-11D3-BF4B-00C04F79EFBC}") = "Sortings", "Sortings\Sortings.csproj", "{21FC32C6-4428-414D-8F98-28A2C39451A5}"
EndProject
Global
	GlobalSection(SolutionConfigurationPlatforms) = preSolution
		Debug|Any CPU = Debug|Any CPU
		Release|Any CPU = Release|Any CPU
	EndGlobalSection
	GlobalSection(ProjectConfigurationPlatforms) = postSolution
		{8C705104-3D7E-4814-9C96-192641E7B57B}.Debug|Any CPU.ActiveCfg = Debug|Any CPU
		{8C705104-3D7E-4814-9C96-192641E7B57B}.Debug|Any CPU.Build.0 = Debug|Any CPU
		{8C705104-3D7E-4814-9C96-192641E7B57B}.Release|Any CPU.ActiveCfg = Release|Any CPU
		{8C705104-3D7E-4814-9C96-192641E7B57B}.Release|Any CPU.Build.0 = Release|Any CPU
		{4CF41284-9A6B-4BD2-8E13-931F67A116F0}.Debug|Any CPU.ActiveCfg = Debug|Any CPU
		{4CF41284-9A6B-4BD2-8E13-931F67A116F0}.Debug|Any CPU.Build.0 = Debug|Any CPU
		{4CF41284-9A6B-4BD2-8E13-931F67A116F0}.Release|Any CPU.ActiveCfg = Release|Any CPU
		{4CF41284-9A6B-4BD2-8E13-931F67A116F0}.Release|Any CPU.Build.0 = Release|Any CPU
		{21FC32C6-4428-414D-8F98-28A2C39451A5}.Debug|Any CPU.ActiveCfg = Debug|Any CPU
		{21FC32C6-4428-414D-8F98-28A2C39451A5}.Debug|Any CPU.Build.0 = Debug|Any CPU
		{21FC32C6-4428-414D-8F98-28A2C39451A5}.Release|Any CPU.ActiveCfg = Release|Any CPU
		{21FC32C6-4428-414D-8F98-28A2C39451A5}.Release|Any CPU.Build.0 = Release|Any CPU
	EndGlobalSection
	GlobalSection(SolutionProperties) = preSolution
		HideSolutionNode = FALSE
	EndGlobalSection
	GlobalSection(ExtensibilityGlobals) = postSolution
		SolutionGuid = {8C02B997-62A4-4082-BD1E-F80C5CFDE51A}
	EndGlobalSection
EndGlobal
